
Microsoft Visual Studio Solution File, Format Version 12.00
# Visual Studio 15
Project("{FAE04EC0-301F-11D3-BF4B-00C04F79EFBC}") = "EcommerceSample", "EcommerceSample\EcommerceSample.csproj", "{6806196B-54FF-4400-BEA7-24D154976784}"
EndProject
Global
	GlobalSection(SolutionConfigurationPlatforms) = preSolution
		Debug|Any CPU = Debug|Any CPU
		Release|Any CPU = Release|Any CPU
	EndGlobalSection
	GlobalSection(ProjectConfigurationPlatforms) = postSolution
		{6806196B-54FF-4400-BEA7-24D154976784}.Debug|Any CPU.ActiveCfg = Debug|Any CPU
		{6806196B-54FF-4400-BEA7-24D154976784}.Debug|Any CPU.Build.0 = Debug|Any CPU
		{6806196B-54FF-4400-BEA7-24D154976784}.Release|Any CPU.ActiveCfg = Release|Any CPU
		{6806196B-54FF-4400-BEA7-24D154976784}.Release|Any CPU.Build.0 = Release|Any CPU
	EndGlobalSection
EndGlobal
