
Microsoft Visual Studio Solution File, Format Version 12.00
# Visual Studio 15
Project("{FAE04EC0-301F-11D3-BF4B-00C04F79EFBC}") = "EcommerceSample", "EcommerceSample\EcommerceSample.csproj", "{517F98F5-2D02-4E7A-81EF-1F8846E9B17F}"
EndProject
Project("{FAE04EC0-301F-11D3-BF4B-00C04F79EFBC}") = "EcommerceSampleTests", "EcommerceSampleTests\EcommerceSampleTests.csproj", "{35319275-41D8-44A2-B554-F6ECC0849D59}"
EndProject
Global
	GlobalSection(SolutionConfigurationPlatforms) = preSolution
		Debug|Any CPU = Debug|Any CPU
		Release|Any CPU = Release|Any CPU
	EndGlobalSection
	GlobalSection(ProjectConfigurationPlatforms) = postSolution
		{517F98F5-2D02-4E7A-81EF-1F8846E9B17F}.Debug|Any CPU.ActiveCfg = Debug|Any CPU
		{517F98F5-2D02-4E7A-81EF-1F8846E9B17F}.Debug|Any CPU.Build.0 = Debug|Any CPU
		{517F98F5-2D02-4E7A-81EF-1F8846E9B17F}.Release|Any CPU.ActiveCfg = Release|Any CPU
		{517F98F5-2D02-4E7A-81EF-1F8846E9B17F}.Release|Any CPU.Build.0 = Release|Any CPU
		{35319275-41D8-44A2-B554-F6ECC0849D59}.Debug|Any CPU.ActiveCfg = Debug|Any CPU
		{35319275-41D8-44A2-B554-F6ECC0849D59}.Debug|Any CPU.Build.0 = Debug|Any CPU
		{35319275-41D8-44A2-B554-F6ECC0849D59}.Release|Any CPU.ActiveCfg = Release|Any CPU
		{35319275-41D8-44A2-B554-F6ECC0849D59}.Release|Any CPU.Build.0 = Release|Any CPU
	EndGlobalSection
EndGlobal
